
Microsoft Visual Studio Solution File, Format Version 12.00
# Visual Studio Version 16
VisualStudioVersion = 16.0.31515.178
MinimumVisualStudioVersion = 10.0.40219.1
Project("{FAE04EC0-301F-11D3-BF4B-00C04F79EFBC}") = "Core", "Core\Core.csproj", "{6F477B6B-614D-4048-AF7C-AF7867ACBB9F}"
EndProject
Project("{FAE04EC0-301F-11D3-BF4B-00C04F79EFBC}") = "Business", "Business\Business.csproj", "{6C95A792-6AEF-4C78-A5DF-CE78655850B3}"
EndProject
Project("{FAE04EC0-301F-11D3-BF4B-00C04F79EFBC}") = "DataAccess", "DataAccess\DataAccess.csproj", "{E68D5540-552A-4DAD-B600-B244A51510C7}"
EndProject
Project("{FAE04EC0-301F-11D3-BF4B-00C04F79EFBC}") = "Entities", "Entities\Entities.csproj", "{49F35899-2C9C-4840-9A8D-F79033D2F4E2}"
EndProject
Project("{FAE04EC0-301F-11D3-BF4B-00C04F79EFBC}") = "WebAPI", "WebAPI\WebAPI.csproj", "{96CD1A82-0BB8-41C6-AEF4-51E0FE43427B}"
EndProject
Global
	GlobalSection(SolutionConfigurationPlatforms) = preSolution
		Debug|Any CPU = Debug|Any CPU
		Release|Any CPU = Release|Any CPU
	EndGlobalSection
	GlobalSection(ProjectConfigurationPlatforms) = postSolution
		{6F477B6B-614D-4048-AF7C-AF7867ACBB9F}.Debug|Any CPU.ActiveCfg = Debug|Any CPU
		{6F477B6B-614D-4048-AF7C-AF7867ACBB9F}.Debug|Any CPU.Build.0 = Debug|Any CPU
		{6F477B6B-614D-4048-AF7C-AF7867ACBB9F}.Release|Any CPU.ActiveCfg = Release|Any CPU
		{6F477B6B-614D-4048-AF7C-AF7867ACBB9F}.Release|Any CPU.Build.0 = Release|Any CPU
		{6C95A792-6AEF-4C78-A5DF-CE78655850B3}.Debug|Any CPU.ActiveCfg = Debug|Any CPU
		{6C95A792-6AEF-4C78-A5DF-CE78655850B3}.Debug|Any CPU.Build.0 = Debug|Any CPU
		{6C95A792-6AEF-4C78-A5DF-CE78655850B3}.Release|Any CPU.ActiveCfg = Release|Any CPU
		{6C95A792-6AEF-4C78-A5DF-CE78655850B3}.Release|Any CPU.Build.0 = Release|Any CPU
		{E68D5540-552A-4DAD-B600-B244A51510C7}.Debug|Any CPU.ActiveCfg = Debug|Any CPU
		{E68D5540-552A-4DAD-B600-B244A51510C7}.Debug|Any CPU.Build.0 = Debug|Any CPU
		{E68D5540-552A-4DAD-B600-B244A51510C7}.Release|Any CPU.ActiveCfg = Release|Any CPU
		{E68D5540-552A-4DAD-B600-B244A51510C7}.Release|Any CPU.Build.0 = Release|Any CPU
		{49F35899-2C9C-4840-9A8D-F79033D2F4E2}.Debug|Any CPU.ActiveCfg = Debug|Any CPU
		{49F35899-2C9C-4840-9A8D-F79033D2F4E2}.Debug|Any CPU.Build.0 = Debug|Any CPU
		{49F35899-2C9C-4840-9A8D-F79033D2F4E2}.Release|Any CPU.ActiveCfg = Release|Any CPU
		{49F35899-2C9C-4840-9A8D-F79033D2F4E2}.Release|Any CPU.Build.0 = Release|Any CPU
		{96CD1A82-0BB8-41C6-AEF4-51E0FE43427B}.Debug|Any CPU.ActiveCfg = Debug|Any CPU
		{96CD1A82-0BB8-41C6-AEF4-51E0FE43427B}.Debug|Any CPU.Build.0 = Debug|Any CPU
		{96CD1A82-0BB8-41C6-AEF4-51E0FE43427B}.Release|Any CPU.ActiveCfg = Release|Any CPU
		{96CD1A82-0BB8-41C6-AEF4-51E0FE43427B}.Release|Any CPU.Build.0 = Release|Any CPU
	EndGlobalSection
	GlobalSection(SolutionProperties) = preSolution
		HideSolutionNode = FALSE
	EndGlobalSection
	GlobalSection(ExtensibilityGlobals) = postSolution
		SolutionGuid = {C9DF7548-B530-4847-A196-895E4DDFEF7D}
	EndGlobalSection
EndGlobal
